lockfileVersion: '9.0'

settings:
  autoInstallPeers: false
  excludeLinksFromLockfile: false

importers:

  .:
    devDependencies:
      '@types/node':
        specifier: 24.10.1
        version: 24.10.1
      typescript:
        specifier: 5.9.3
        version: 5.9.3

  apps/api:
    dependencies:
      '@axtro/auth':
        specifier: workspace:*
        version: link:../../packages/auth
      '@axtro/config':
        specifier: workspace:*
        version: link:../../packages/config
      '@axtro/contracts-ts':
        specifier: workspace:*
        version: link:../../packages/contracts-ts
      '@axtro/domain':
        specifier: workspace:*
        version: link:../../packages/domain
      '@axtro/observability':
        specifier: workspace:*
        version: link:../../packages/observability
      '@axtro/security':
        specifier: workspace:*
        version: link:../../packages/security
      '@axtro/session-application':
        specifier: workspace:*
        version: link:../../packages/session-application

  packages/auth:
    dependencies:
      '@axtro/config':
        specifier: workspace:*
        version: link:../config
      '@axtro/domain':
        specifier: workspace:*
        version: link:../domain

  packages/avatar-gateway:
    dependencies:
      '@axtro/provider-contracts':
        specifier: workspace:*
        version: link:../provider-contracts

  packages/config:
    dependencies:
      '@axtro/contracts-ts':
        specifier: workspace:*
        version: link:../contracts-ts
      '@axtro/security':
        specifier: workspace:*
        version: link:../security

  packages/contracts-ts: {}

  packages/costing:
    dependencies:
      '@axtro/auth':
        specifier: workspace:*
        version: link:../auth
      '@axtro/contracts-ts':
        specifier: workspace:*
        version: link:../contracts-ts
      '@axtro/database':
        specifier: workspace:*
        version: link:../database
      '@axtro/domain':
        specifier: workspace:*
        version: link:../domain

  packages/database:
    dependencies:
      '@axtro/domain':
        specifier: workspace:*
        version: link:../domain

  packages/domain:
    dependencies:
      '@axtro/contracts-ts':
        specifier: workspace:*
        version: link:../contracts-ts

  packages/events:
    dependencies:
      '@axtro/auth':
        specifier: workspace:*
        version: link:../auth
      '@axtro/contracts-ts':
        specifier: workspace:*
        version: link:../contracts-ts
      '@axtro/database':
        specifier: workspace:*
        version: link:../database
      '@axtro/domain':
        specifier: workspace:*
        version: link:../domain

  packages/meeting-gateway:
    dependencies:
      '@axtro/provider-contracts':
        specifier: workspace:*
        version: link:../provider-contracts

  packages/model-gateway:
    dependencies:
      '@axtro/provider-contracts':
        specifier: workspace:*
        version: link:../provider-contracts

  packages/observability:
    dependencies:
      '@axtro/domain':
        specifier: workspace:*
        version: link:../domain
      '@axtro/security':
        specifier: workspace:*
        version: link:../security

  packages/policy:
    dependencies:
      '@axtro/contracts-ts':
        specifier: workspace:*
        version: link:../contracts-ts
      '@axtro/domain':
        specifier: workspace:*
        version: link:../domain

  packages/provider-contracts:
    dependencies:
      '@axtro/contracts-ts':
        specifier: workspace:*
        version: link:../contracts-ts

  packages/provider-fakes:
    dependencies:
      '@axtro/contracts-ts':
        specifier: workspace:*
        version: link:../contracts-ts
      '@axtro/provider-contracts':
        specifier: workspace:*
        version: link:../provider-contracts

  packages/security:
    dependencies:
      '@axtro/domain':
        specifier: workspace:*
        version: link:../domain

  packages/session-application:
    dependencies:
      '@axtro/auth':
        specifier: workspace:*
        version: link:../auth
      '@axtro/contracts-ts':
        specifier: workspace:*
        version: link:../contracts-ts
      '@axtro/domain':
        specifier: workspace:*
        version: link:../domain
      '@axtro/events':
        specifier: workspace:*
        version: link:../events

  packages/session-runtime:
    dependencies:
      '@axtro/auth':
        specifier: workspace:*
        version: link:../auth
      '@axtro/contracts-ts':
        specifier: workspace:*
        version: link:../contracts-ts
      '@axtro/domain':
        specifier: workspace:*
        version: link:../domain
      '@axtro/events':
        specifier: workspace:*
        version: link:../events

  packages/tool-runtime:
    dependencies:
      '@axtro/auth':
        specifier: workspace:*
        version: link:../auth
      '@axtro/contracts-ts':
        specifier: workspace:*
        version: link:../contracts-ts
      '@axtro/domain':
        specifier: workspace:*
        version: link:../domain
      '@axtro/policy':
        specifier: workspace:*
        version: link:../policy

  packages/voice-gateway:
    dependencies:
      '@axtro/provider-contracts':
        specifier: workspace:*
        version: link:../provider-contracts

packages:

  '@types/node@24.10.1':
    resolution: {integrity: sha512-GNWcUTRBgIRJD5zj+Tq0fKOJ5XZajIiBroOF0yvj2bSU1WvNdYS/dn9UxwsujGW4JX06dnHyjV2y9rRaybH0iQ==}

  typescript@5.9.3:
    resolution: {integrity: sha512-jl1vZzPDinLr9eUt3J/t7V6FgNEw9QjvBPdysz9KfQDD41fQrC2Y4vKQdiaUpFT4bXlb1RHhLpp8wtm6M5TgSw==}
    engines: {node: '>=14.17'}
    hasBin: true

  undici-types@7.16.0:
    resolution: {integrity: sha512-Zz+aZWSj8LE6zoxD+xrjh4VfkIG8Ya6LvYkZqtUQGJPZjYl53ypCaUwWqo7eI0x66KBGeRo+mlBEkMSeSZ38Nw==}

snapshots:

  '@types/node@24.10.1':
    dependencies:
      undici-types: 7.16.0

  typescript@5.9.3: {}

  undici-types@7.16.0: {}
